
Microsoft Visual Studio Solution File, Format Version 12.00
# Visual Studio Version 17
VisualStudioVersion = 17.8.34525.116
MinimumVisualStudioVersion = 10.0.40219.1
Project("{FAE04EC0-301F-11D3-BF4B-00C04F79EFBC}") = "WinformTinyMceHtmlEditor", "WinformTinyMceHtmlEditor.csproj", "{571E9B52-4BFC-42E1-B28F-844E56831F6F}"
EndProject
Global
	GlobalSection(SolutionConfigurationPlatforms) = preSolution
		Debug|Any CPU = Debug|Any CPU
		Release|Any CPU = Release|Any CPU
	EndGlobalSection
	GlobalSection(ProjectConfigurationPlatforms) = postSolution
		{571E9B52-4BFC-42E1-B28F-844E56831F6F}.Debug|Any CPU.ActiveCfg = Debug|Any CPU
		{571E9B52-4BFC-42E1-B28F-844E56831F6F}.Debug|Any CPU.Build.0 = Debug|Any CPU
		{571E9B52-4BFC-42E1-B28F-844E56831F6F}.Release|Any CPU.ActiveCfg = Release|Any CPU
		{571E9B52-4BFC-42E1-B28F-844E56831F6F}.Release|Any CPU.Build.0 = Release|Any CPU
	EndGlobalSection
	GlobalSection(SolutionProperties) = preSolution
		HideSolutionNode = FALSE
	EndGlobalSection
	GlobalSection(ExtensibilityGlobals) = postSolution
		SolutionGuid = {614065CF-F500-4378-9CA2-0CE43E73A14E}
	EndGlobalSection
EndGlobal
